// !$*UTF8*$!
{
	archiveVersion = 1;
	classes = {
	};
	objectVersion = 48;
	objects = {

/* Begin PBXBuildFile section */
		658E1835200D90B000C17BB4 /* AppDelegate.m in Sources */ = {isa = PBXBuildFile; fileRef = 658E1834200D90B000C17BB4 /* AppDelegate.m */; };
		658E1838200D90B000C17BB4 /* ViewController.m in Sources */ = {isa = PBXBuildFile; fileRef = 658E1837200D90B000C17BB4 /* ViewController.m */; };
		658E183B200D90B000C17BB4 /* Main.storyboard in Resources */ = {isa = PBXBuildFile; fileRef = 658E1839200D90B000C17BB4 /* Main.storyboard */; };
		658E183D200D90B000C17BB4 /* Assets.xcassets in Resources */ = {isa = PBXBuildFile; fileRef = 658E183C200D90B000C17BB4 /* Assets.xcassets */; };
		658E1840200D90B000C17BB4 /* LaunchScreen.storyboard in Resources */ = {isa = PBXBuildFile; fileRef = 658E183E200D90B000C17BB4 /* LaunchScreen.storyboard */; };
		658E1843200D90B000C17BB4 /* main.m in Sources */ = {isa = PBXBuildFile; fileRef = 658E1842200D90B000C17BB4 /* main.m */; };
		658E184C200D921100C17BB4 /* TableViewCell.m in Sources */ = {isa = PBXBuildFile; fileRef = 658E184B200D921100C17BB4 /* TableViewCell.m */; };
		658E184F200D940C00C17BB4 /* UIResponder+Router.m in Sources */ = {isa = PBXBuildFile; fileRef = 658E184E200D940C00C17BB4 /* UIResponder+Router.m */; };
/* End PBXBuildFile section */

/* Begin PBXFileReference section */
		658E1830200D90B000C17BB4 /* ResponderChainDemo.app */ = {isa = PBXFileReference; explicitFileType = wrapper.application; includeInIndex = 0; path = ResponderChainDemo.app; sourceTree = BUILT_PRODUCTS_DIR; };
		658E1833200D90B000C17BB4 /* AppDelegate.h */ = {isa = PBXFileReference; lastKnownFileType = sourcecode.c.h; path = AppDelegate.h; sourceTree = "<group>"; };
		658E1834200D90B000C17BB4 /* AppDelegate.m */ = {isa = PBXFileReference; lastKnownFileType = sourcecode.c.objc; path = AppDelegate.m; sourceTree = "<group>"; };
		658E1836200D90B000C17BB4 /* ViewController.h */ = {isa = PBXFileReference; lastKnownFileType = sourcecode.c.h; path = ViewController.h; sourceTree = "<group>"; };
		658E1837200D90B000C17BB4 /* ViewController.m */ = {isa = PBXFileReference; lastKnownFileType = sourcecode.c.objc; path = ViewController.m; sourceTree = "<group>"; };
		658E183A200D90B000C17BB4 /* Base */ = {isa = PBXFileReference; lastKnownFileType = file.storyboard; name = Base; path = Base.lproj/Main.storyboard; sourceTree = "<group>"; };
		658E183C200D90B000C17BB4 /* Assets.xcassets */ = {isa = PBXFileReference; lastKnownFileType = folder.assetcatalog; path = Assets.xcassets; sourceTree = "<group>"; };
		658E183F200D90B000C17BB4 /* Base */ = {isa = PBXFileReference; lastKnownFileType = file.storyboard; name = Base; path = Base.lproj/LaunchScreen.storyboard; sourceTree = "<group>"; };
		658E1841200D90B000C17BB4 /* Info.plist */ = {isa = PBXFileReference; lastKnownFileType = text.plist.xml; path = Info.plist; sourceTree = "<group>"; };
		658E1842200D90B000C17BB4 /* main.m */ = {isa = PBXFileReference; lastKnownFileType = sourcecode.c.objc; path = main.m; sourceTree = "<group>"; };
		658E184A200D921100C17BB4 /* TableViewCell.h */ = {isa = PBXFileReference; lastKnownFileType = sourcecode.c.h; path = TableViewCell.h; sourceTree = "<group>"; };
		658E184B200D921100C17BB4 /* TableViewCell.m */ = {isa = PBXFileReference; lastKnownFileType = sourcecode.c.objc; path = TableViewCell.m; sourceTree = "<group>"; };
		658E184D200D940C00C17BB4 /* UIResponder+Router.h */ = {isa = PBXFileReference; lastKnownFileType = sourcecode.c.h; path = "UIResponder+Router.h"; sourceTree = "<group>"; };
		658E184E200D940C00C17BB4 /* UIResponder+Router.m */ = {isa = PBXFileReference; lastKnownFileType = sourcecode.c.objc; path = "UIResponder+Router.m"; sourceTree = "<group>"; };
/* End PBXFileReference section */

/* Begin PBXFrameworksBuildPhase section */
		658E182D200D90B000C17BB4 /* Frameworks */ = {
			isa = PBXFrameworksBuildPhase;
			buildActionMask = 2147483647;
			files = (
			);
			runOnlyForDeploymentPostprocessing = 0;
		};
/* End PBXFrameworksBuildPhase section */

/* Begin PBXGroup section */
		658E1827200D90B000C17BB4 = {
			isa = PBXGroup;
			children = (
				658E1832200D90B000C17BB4 /* ResponderChainDemo */,
				658E1831200D90B000C17BB4 /* Products */,
			);
			sourceTree = "<group>";
		};
		658E1831200D90B000C17BB4 /* Products */ = {
			isa = PBXGroup;
			children = (
				658E1830200D90B000C17BB4 /* ResponderChainDemo.app */,
			);
			name = Products;
			sourceTree = "<group>";
		};
		658E1832200D90B000C17BB4 /* ResponderChainDemo */ = {
			isa = PBXGroup;
			children = (
				658E1849200D91D600C17BB4 /* View */,
				658E1833200D90B000C17BB4 /* AppDelegate.h */,
				658E1834200D90B000C17BB4 /* AppDelegate.m */,
				658E1836200D90B000C17BB4 /* ViewController.h */,
				658E1837200D90B000C17BB4 /* ViewController.m */,
				658E184D200D940C00C17BB4 /* UIResponder+Router.h */,
				658E184E200D940C00C17BB4 /* UIResponder+Router.m */,
				658E1839200D90B000C17BB4 /* Main.storyboard */,
				658E183C200D90B000C17BB4 /* Assets.xcassets */,
				658E183E200D90B000C17BB4 /* LaunchScreen.storyboard */,
				658E1841200D90B000C17BB4 /* Info.plist */,
				658E1842200D90B000C17BB4 /* main.m */,
			);
			path = ResponderChainDemo;
			sourceTree = "<group>";
		};
		658E1849200D91D600C17BB4 /* View */ = {
			isa = PBXGroup;
			children = (
				658E184A200D921100C17BB4 /* TableViewCell.h */,
				658E184B200D921100C17BB4 /* TableViewCell.m */,
			);
			path = View;
			sourceTree = "<group>";
		};
/* End PBXGroup section */

/* Begin PBXNativeTarget section */
		658E182F200D90B000C17BB4 /* ResponderChainDemo */ = {
			isa = PBXNativeTarget;
			buildConfigurationList = 658E1846200D90B000C17BB4 /* Build configuration list for PBXNativeTarget "ResponderChainDemo" */;
			buildPhases = (
				658E182C200D90B000C17BB4 /* Sources */,
				658E182D200D90B000C17BB4 /* Frameworks */,
				658E182E200D90B000C17BB4 /* Resources */,
			);
			buildRules = (
			);
			dependencies = (
			);
			name = ResponderChainDemo;
			productName = ResponderChainDemo;
			productReference = 658E1830200D90B000C17BB4 /* ResponderChainDemo.app */;
			productType = "com.apple.product-type.application";
		};
/* End PBXNativeTarget section */

/* Begin PBXProject section */
		658E1828200D90B000C17BB4 /* Project object */ = {
			isa = PBXProject;
			attributes = {
				LastUpgradeCheck = 0920;
				ORGANIZATIONNAME = issuser;
				TargetAttributes = {
					658E182F200D90B000C17BB4 = {
						CreatedOnToolsVersion = 9.2;
						ProvisioningStyle = Automatic;
					};
				};
			};
			buildConfigurationList = 658E182B200D90B000C17BB4 /* Build configuration list for PBXProject "ResponderChainDemo" */;
			compatibilityVersion = "Xcode 8.0";
			developmentRegion = en;
			hasScannedForEncodings = 0;
			knownRegions = (
				en,
				Base,
			);
			mainGroup = 658E1827200D90B000C17BB4;
			productRefGroup = 658E1831200D90B000C17BB4 /* Products */;
			projectDirPath = "";
			projectRoot = "";
			targets = (
				658E182F200D90B000C17BB4 /* ResponderChainDemo */,
			);
		};
/* End PBXProject section */

/* Begin PBXResourcesBuildPhase section */
		658E182E200D90B000C17BB4 /* Resources */ = {
			isa = PBXResourcesBuildPhase;
			buildActionMask = 2147483647;
			files = (
				658E1840200D90B000C17BB4 /* LaunchScreen.storyboard in Resources */,
				658E183D200D90B000C17BB4 /* Assets.xcassets in Resources */,
				658E183B200D90B000C17BB4 /* Main.storyboard in Resources */,
			);
			runOnlyForDeploymentPostprocessing = 0;
		};
/* End PBXResourcesBuildPhase section */

/* Begin PBXSourcesBuildPhase section */
		658E182C200D90B000C17BB4 /* Sources */ = {
			isa = PBXSourcesBuildPhase;
			buildActionMask = 2147483647;
			files = (
				658E1838200D90B000C17BB4 /* ViewController.m in Sources */,
				658E184F200D940C00C17BB4 /* UIResponder+Router.m in Sources */,
				658E184C200D921100C17BB4 /* TableViewCell.m in Sources */,
				658E1843200D90B000C17BB4 /* main.m in Sources */,
				658E1835200D90B000C17BB4 /* AppDelegate.m in Sources */,
			);
			runOnlyForDeploymentPostprocessing = 0;
		};
/* End PBXSourcesBuildPhase section */

/* Begin PBXVariantGroup section */
		658E1839200D90B000C17BB4 /* Main.storyboard */ = {
			isa = PBXVariantGroup;
			children = (
				658E183A200D90B000C17BB4 /* Base */,
			);
			name = Main.storyboard;
			sourceTree = "<group>";
		};
		658E183E200D90B000C17BB4 /* LaunchScreen.storyboard */ = {
			isa = PBXVariantGroup;
			children = (
				658E183F200D90B000C17BB4 /* Base */,
			);
			name = LaunchScreen.storyboard;
			sourceTree = "<group>";
		};
/* End PBXVariantGroup section */

/* Begin XCBuildConfiguration section */
		658E1844200D90B000C17BB4 /* Debug */ = {
			isa = XCBuildConfiguration;
			buildSettings = {
				ALWAYS_SEARCH_USER_PATHS = NO;
				CLANG_ANALYZER_NONNULL = YES;
				CLANG_ANALYZER_NUMBER_OBJECT_CONVERSION = YES_AGGRESSIVE;
				CLANG_CXX_LANGUAGE_STANDARD = "gnu++14";
				CLANG_CXX_LIBRARY = "libc++";
				CLANG_ENABLE_MODULES = YES;
				CLANG_ENABLE_OBJC_ARC = YES;
				CLANG_WARN_BLOCK_CAPTURE_AUTORELEASING = YES;
				CLANG_WARN_BOOL_CONVERSION = YES;
				CLANG_WARN_COMMA = YES;
				CLANG_WARN_CONSTANT_CONVERSION = YES;
				CLANG_WARN_DIRECT_OBJC_ISA_USAGE = YES_ERROR;
				CLANG_WARN_DOCUMENTATION_COMMENTS = YES;
				CLANG_WARN_EMPTY_BODY = YES;
				CLANG_WARN_ENUM_CONVERSION = YES;
				CLANG_WARN_INFINITE_RECURSION = YES;
				CLANG_WARN_INT_CONVERSION = YES;
				CLANG_WARN_NON_LITERAL_NULL_CONVERSION = YES;
				CLANG_WARN_OBJC_LITERAL_CONVERSION = YES;
				CLANG_WARN_OBJC_ROOT_CLASS = YES_ERROR;
				CLANG_WARN_RANGE_LOOP_ANALYSIS = YES;
				CLANG_WARN_STRICT_PROTOTYPES = YES;
				CLANG_WARN_SUSPICIOUS_MOVE = YES;
				CLANG_WARN_UNGUARDED_AVAILABILITY = YES_AGGRESSIVE;
				CLANG_WARN_UNREACHABLE_CODE = YES;
				CLANG_WARN__DUPLICATE_METHOD_MATCH = YES;
				CODE_SIGN_IDENTITY = "iPhone Developer";
				COPY_PHASE_STRIP = NO;
				DEBUG_INFORMATION_FORMAT = dwarf;
				ENABLE_STRICT_OBJC_MSGSEND = YES;
				ENABLE_TESTABILITY = YES;
				GCC_C_LANGUAGE_STANDARD = gnu11;
				GCC_DYNAMIC_NO_PIC = NO;
				GCC_NO_COMMON_BLOCKS = YES;
				GCC_OPTIMIZATION_LEVEL = 0;
				GCC_PREPROCESSOR_DEFINITIONS = (
					"DEBUG=1",
					"$(inherited)",
				);
				GCC_WARN_64_TO_32_BIT_CONVERSION = YES;
				GCC_WARN_ABOUT_RETURN_TYPE = YES_ERROR;
				GCC_WARN_UNDECLARED_SELECTOR = YES;
				GCC_WARN_UNINITIALIZED_AUTOS = YES_AGGRESSIVE;
				GCC_WARN_UNUSED_FUNCTION = YES;
				GCC_WARN_UNUSED_VARIABLE = YES;
				IPHONEOS_DEPLOYMENT_TARGET = 11.2;
				MTL_ENABLE_DEBUG_INFO = YES;
				ONLY_ACTIVE_ARCH = YES;
				SDKROOT = iphoneos;
			};
			name = Debug;
		};
		658E1845200D90B000C17BB4 /* Release */ = {
			isa = XCBuildConfiguration;
			buildSettings = {
				ALWAYS_SEARCH_USER_PATHS = NO;
				CLANG_ANALYZER_NONNULL = YES;
				CLANG_ANALYZER_NUMBER_OBJECT_CONVERSION = YES_AGGRESSIVE;
				CLANG_CXX_LANGUAGE_STANDARD = "gnu++14";
				CLANG_CXX_LIBRARY = "libc++";
				CLANG_ENABLE_MODULES = YES;
				CLANG_ENABLE_OBJC_ARC = YES;
				CLANG_WARN_BLOCK_CAPTURE_AUTORELEASING = YES;
				CLANG_WARN_BOOL_CONVERSION = YES;
				CLANG_WARN_COMMA = YES;
				CLANG_WARN_CONSTANT_CONVERSION = YES;
				CLANG_WARN_DIRECT_OBJC_ISA_USAGE = YES_ERROR;
				CLANG_WARN_DOCUMENTATION_COMMENTS = YES;
				CLANG_WARN_EMPTY_BODY = YES;
				CLANG_WARN_ENUM_CONVERSION = YES;
				CLANG_WARN_INFINITE_RECURSION = YES;
				CLANG_WARN_INT_CONVERSION = YES;
				CLANG_WARN_NON_LITERAL_NULL_CONVERSION = YES;
				CLANG_WARN_OBJC_LITERAL_CONVERSION = YES;
				CLANG_WARN_OBJC_ROOT_CLASS = YES_ERROR;
				CLANG_WARN_RANGE_LOOP_ANALYSIS = YES;
				CLANG_WARN_STRICT_PROTOTYPES = YES;
				CLANG_WARN_SUSPICIOUS_MOVE = YES;
				CLANG_WARN_UNGUARDED_AVAILABILITY = YES_AGGRESSIVE;
				CLANG_WARN_UNREACHABLE_CODE = YES;
				CLANG_WARN__DUPLICATE_METHOD_MATCH = YES;
				CODE_SIGN_IDENTITY = "iPhone Developer";
				COPY_PHASE_STRIP = NO;
				DEBUG_INFORMATION_FORMAT = "dwarf-with-dsym";
				ENABLE_NS_ASSERTIONS = NO;
				ENABLE_STRICT_OBJC_MSGSEND = YES;
				GCC_C_LANGUAGE_STANDARD = gnu11;
				GCC_NO_COMMON_BLOCKS = YES;
				GCC_WARN_64_TO_32_BIT_CONVERSION = YES;
				GCC_WARN_ABOUT_RETURN_TYPE = YES_ERROR;
				GCC_WARN_UNDECLARED_SELECTOR = YES;
				GCC_WARN_UNINITIALIZED_AUTOS = YES_AGGRESSIVE;
				GCC_WARN_UNUSED_FUNCTION = YES;
				GCC_WARN_UNUSED_VARIABLE = YES;
				IPHONEOS_DEPLOYMENT_TARGET = 11.2;
				MTL_ENABLE_DEBUG_INFO = NO;
				SDKROOT = iphoneos;
				VALIDATE_PRODUCT = YES;
			};
			name = Release;
		};
		658E1847200D90B000C17BB4 /* Debug */ = {
			isa = XCBuildConfiguration;
			buildSettings = {
				ASSETCATALOG_COMPILER_APPICON_NAME = AppIcon;
				CODE_SIGN_STYLE = Automatic;
				INFOPLIST_FILE = ResponderChainDemo/Info.plist;
				LD_RUNPATH_SEARCH_PATHS = "$(inherited) @executable_path/Frameworks";
				PRODUCT_BUNDLE_IDENTIFIER = isoftstone.ResponderChainDemo;
				PRODUCT_NAME = "$(TARGET_NAME)";
				TARGETED_DEVICE_FAMILY = "1,2";
			};
			name = Debug;
		};
		658E1848200D90B000C17BB4 /* Release */ = {
			isa = XCBuildConfiguration;
			buildSettings = {
				ASSETCATALOG_COMPILER_APPICON_NAME = AppIcon;
				CODE_SIGN_STYLE = Automatic;
				INFOPLIST_FILE = ResponderChainDemo/Info.plist;
				LD_RUNPATH_SEARCH_PATHS = "$(inherited) @executable_path/Frameworks";
				PRODUCT_BUNDLE_IDENTIFIER = isoftstone.ResponderChainDemo;
				PRODUCT_NAME = "$(TARGET_NAME)";
				TARGETED_DEVICE_FAMILY = "1,2";
			};
			name = Release;
		};
/* End XCBuildConfiguration section */

/* Begin XCConfigurationList section */
		658E182B200D90B000C17BB4 /* Build configuration list for PBXProject "ResponderChainDemo" */ = {
			isa = XCConfigurationList;
			buildConfigurations = (
				658E1844200D90B000C17BB4 /* Debug */,
				658E1845200D90B000C17BB4 /* Release */,
			);
			defaultConfigurationIsVisible = 0;
			defaultConfigurationName = Release;
		};
		658E1846200D90B000C17BB4 /* Build configuration list for PBXNativeTarget "ResponderChainDemo" */ = {
			isa = XCConfigurationList;
			buildConfigurations = (
				658E1847200D90B000C17BB4 /* Debug */,
				658E1848200D90B000C17BB4 /* Release */,
			);
			defaultConfigurationIsVisible = 0;
			defaultConfigurationName = Release;
		};
/* End XCConfigurationList section */
	};
	rootObject = 658E1828200D90B000C17BB4 /* Project object */;
}
